
Microsoft Visual Studio Solution File, Format Version 12.00
# Visual Studio Version 17
VisualStudioVersion = 17.0.31903.59
MinimumVisualStudioVersion = 10.0.40219.1
Project("{FAE04EC0-301F-11D3-BF4B-00C04F79EFBC}") = "WebServer", "WebServer\WebServer.csproj", "{C19D3E14-736C-4D83-B959-B71B919B1BC4}"
EndProject
Project("{FAE04EC0-301F-11D3-BF4B-00C04F79EFBC}") = "ConsoleClient", "ConsoleClient\ConsoleClient.csproj", "{B34C5F8B-9073-483F-AA6D-87A71364CC72}"
EndProject
Global
	GlobalSection(SolutionConfigurationPlatforms) = preSolution
		Debug|Any CPU = Debug|Any CPU
		Release|Any CPU = Release|Any CPU
	EndGlobalSection
	GlobalSection(SolutionProperties) = preSolution
		HideSolutionNode = FALSE
	EndGlobalSection
	GlobalSection(ProjectConfigurationPlatforms) = postSolution
		{C19D3E14-736C-4D83-B959-B71B919B1BC4}.Debug|Any CPU.ActiveCfg = Debug|Any CPU
		{C19D3E14-736C-4D83-B959-B71B919B1BC4}.Debug|Any CPU.Build.0 = Debug|Any CPU
		{C19D3E14-736C-4D83-B959-B71B919B1BC4}.Release|Any CPU.ActiveCfg = Release|Any CPU
		{C19D3E14-736C-4D83-B959-B71B919B1BC4}.Release|Any CPU.Build.0 = Release|Any CPU
		{B34C5F8B-9073-483F-AA6D-87A71364CC72}.Debug|Any CPU.ActiveCfg = Debug|Any CPU
		{B34C5F8B-9073-483F-AA6D-87A71364CC72}.Debug|Any CPU.Build.0 = Debug|Any CPU
		{B34C5F8B-9073-483F-AA6D-87A71364CC72}.Release|Any CPU.ActiveCfg = Release|Any CPU
		{B34C5F8B-9073-483F-AA6D-87A71364CC72}.Release|Any CPU.Build.0 = Release|Any CPU
	EndGlobalSection
EndGlobal
